
Microsoft Visual Studio Solution File, Format Version 12.00
# Visual Studio Version 16
VisualStudioVersion = 16.0.30523.141
MinimumVisualStudioVersion = 10.0.40219.1
Project("{9A19103F-16F7-4668-BE54-9A1E7A4F7556}") = "ProjectManagementSystem", "ProjectManagementSystem.csproj", "{77BF7DE7-9898-474E-9617-A0A65784D52C}"
EndProject
Global
	GlobalSection(SolutionConfigurationPlatforms) = preSolution
		Debug|Any CPU = Debug|Any CPU
		Release|Any CPU = Release|Any CPU
	EndGlobalSection
	GlobalSection(ProjectConfigurationPlatforms) = postSolution
		{77BF7DE7-9898-474E-9617-A0A65784D52C}.Debug|Any CPU.ActiveCfg = Debug|Any CPU
		{77BF7DE7-9898-474E-9617-A0A65784D52C}.Debug|Any CPU.Build.0 = Debug|Any CPU
		{77BF7DE7-9898-474E-9617-A0A65784D52C}.Release|Any CPU.ActiveCfg = Release|Any CPU
		{77BF7DE7-9898-474E-9617-A0A65784D52C}.Release|Any CPU.Build.0 = Release|Any CPU
	EndGlobalSection
	GlobalSection(SolutionProperties) = preSolution
		HideSolutionNode = FALSE
	EndGlobalSection
	GlobalSection(ExtensibilityGlobals) = postSolution
		SolutionGuid = {27656C5E-BA51-40ED-AA32-C4D1C8444CB7}
	EndGlobalSection
EndGlobal
